
Microsoft Visual Studio Solution File, Format Version 12.00
# Visual Studio Version 16
VisualStudioVersion = 16.0.28917.181
MinimumVisualStudioVersion = 10.0.40219.1
Project("{FAE04EC0-301F-11D3-BF4B-00C04F79EFBC}") = "Facturadora_Form", "Facturadora_Form.csproj", "{E1046BB1-AB3B-4B89-A2A9-306C96189AEF}"
EndProject
Global
	GlobalSection(SolutionConfigurationPlatforms) = preSolution
		Debug|Any CPU = Debug|Any CPU
		Release|Any CPU = Release|Any CPU
	EndGlobalSection
	GlobalSection(ProjectConfigurationPlatforms) = postSolution
		{E1046BB1-AB3B-4B89-A2A9-306C96189AEF}.Debug|Any CPU.ActiveCfg = Debug|Any CPU
		{E1046BB1-AB3B-4B89-A2A9-306C96189AEF}.Debug|Any CPU.Build.0 = Debug|Any CPU
		{E1046BB1-AB3B-4B89-A2A9-306C96189AEF}.Release|Any CPU.ActiveCfg = Release|Any CPU
		{E1046BB1-AB3B-4B89-A2A9-306C96189AEF}.Release|Any CPU.Build.0 = Release|Any CPU
	EndGlobalSection
	GlobalSection(SolutionProperties) = preSolution
		HideSolutionNode = FALSE
	EndGlobalSection
	GlobalSection(ExtensibilityGlobals) = postSolution
		SolutionGuid = {53FDED85-F12A-4207-8BA8-54B7F0CE1D5F}
	EndGlobalSection
EndGlobal
